# This file is automatically @generated by Poetry 1.4.1 and should not be changed by hand.

[[package]]
name = "simplepyble"
version = "0.6.1"
description = "The ultimate fully-fledged cross-platform BLE library, designed for simplicity and ease of use."
category = "main"
optional = false
python-versions = ">=3.7"
files = [
    {file = "simplepyble-0.6.1-cp310-cp310-macosx_10_15_universal2.whl", hash = "sha256:8936df700253c1247de8ba5a6b5535ef158d268e29f0da6ddb5aae8f0b8a5687"},
    {file = "simplepyble-0.6.1-cp310-cp310-macosx_10_15_x86_64.whl", hash = "sha256:11a02bc2b49468eab22abe3e437fa61bb6f4a07ebe38abb8c6f15262cda0d07d"},
    {file = "simplepyble-0.6.1-cp310-cp310-macosx_11_0_arm64.whl", hash = "sha256:ad35915894655663ac7aa1caa90edc8ac2de14a9c338b6d88c0e3568387b6abc"},
    {file = "simplepyble-0.6.1-cp310-cp310-manylinux_2_17_aarch64.manylinux2014_aarch64.whl", hash = "sha256:ac02461c741d74f5e219094f1ea8cb40b4245620971fa116aea4e17ceae12e73"},
    {file = "simplepyble-0.6.1-cp310-cp310-manylinux_2_17_i686.manylinux2014_i686.whl", hash = "sha256:957170ccbfcc3a2bb1114dced504aeb2b5c9a5c972bbb315fc1c9ba97bab3d6b"},
    {file = "simplepyble-0.6.1-cp310-cp310-manylinux_2_17_x86_64.manylinux2014_x86_64.whl", hash = "sha256:ba31f765c868ccdeeb9f0fc7a65b351660a18645f03125a81f96ae9279205b00"},
    {file = "simplepyble-0.6.1-cp310-cp310-win32.whl", hash = "sha256:5123b5bad9dd4ccb53a0b162797edd9de73b6531b3676be43ce50b4670527019"},
    {file = "simplepyble-0.6.1-cp310-cp310-win_amd64.whl", hash = "sha256:856e2703e798dbc5e284636f7ee439455824e48cc987d9aae173db5696fff3bc"},
    {file = "simplepyble-0.6.1-cp311-cp311-macosx_10_15_universal2.whl", hash = "sha256:7f8a24633a0da1527024eb760bd3fd4d7e03656d551c9965cac9ed5ad4dd4694"},
    {file = "simplepyble-0.6.1-cp311-cp311-macosx_10_15_x86_64.whl", hash = "sha256:bdd6e4ea1994addf6f5c94911277db782d62c499d987c088fbdd2abd96f328fc"},
    {file = "simplepyble-0.6.1-cp311-cp311-macosx_11_0_arm64.whl", hash = "sha256:0949c0ff69b55cfd47c068d2d2722568f8177158a93bad99fe5be01341e780a4"},
    {file = "simplepyble-0.6.1-cp311-cp311-manylinux_2_17_aarch64.manylinux2014_aarch64.whl", hash = "sha256:370807ab54bfeb1999e5f77ad76cea72d71ebc03aaf39746a3080fe11c7ec173"},
    {file = "simplepyble-0.6.1-cp311-cp311-manylinux_2_17_i686.manylinux2014_i686.whl", hash = "sha256:b8cd892fbdebb568b0419bce150e9cd550535aa9aa96d5a62a2d59a2496e20a0"},
    {file = "simplepyble-0.6.1-cp311-cp311-manylinux_2_17_x86_64.manylinux2014_x86_64.whl", hash = "sha256:3118822bcb3ff3eb56a0f478077a2c44d42a796fffb079f6f0b7069930d09682"},
    {file = "simplepyble-0.6.1-cp311-cp311-win32.whl", hash = "sha256:87570425340d3454fd68e256aca8f403efa612e0558d65dd529d1c0f0a8acf42"},
    {file = "simplepyble-0.6.1-cp311-cp311-win_amd64.whl", hash = "sha256:38ddb1f96f813d9bd31370700cf85c6303a0d8daf50151540475d3dd622776ad"},
    {file = "simplepyble-0.6.1-cp37-cp37m-macosx_10_15_x86_64.whl", hash = "sha256:dd2e012f3911363009a837c3e22ea767df5a8c2afe9cfddc5e582e2c75be341a"},
    {file = "simplepyble-0.6.1-cp37-cp37m-manylinux_2_17_aarch64.manylinux2014_aarch64.whl", hash = "sha256:5d856b86f918802cfa9ce28c94bce27844e04576fd48715535c2d64c045e7982"},
    {file = "simplepyble-0.6.1-cp37-cp37m-manylinux_2_17_i686.manylinux2014_i686.whl", hash = "sha256:37eb8f2722f02b3cc2c45bc289a547784f30e138499b6ba2d1877863b3c239c5"},
    {file = "simplepyble-0.6.1-cp37-cp37m-manylinux_2_17_x86_64.manylinux2014_x86_64.whl", hash = "sha256:7040a084981a096cd129a7347ff84dd638acea2e06c37b41f28a68de76b75bbc"},
    {file = "simplepyble-0.6.1-cp37-cp37m-win32.whl", hash = "sha256:0d600628aead2217a267446ac921f4e21b7086d9480df24505704f83e19983cd"},
    {file = "simplepyble-0.6.1-cp37-cp37m-win_amd64.whl", hash = "sha256:4d782999ed159ff0b45be24b87887089cbc7b6d111fccbc20a28431e3c73a18b"},
    {file = "simplepyble-0.6.1-cp38-cp38-macosx_10_15_universal2.whl", hash = "sha256:35809f92c5441e6426f43bcb197257483f3364db9254c74f5f85f00bea4c78b4"},
    {file = "simplepyble-0.6.1-cp38-cp38-macosx_10_15_x86_64.whl", hash = "sha256:dcbea1fb2b69bb8c21096fdef33351fabb92b6ab54204963e9a7100cc4d8088b"},
    {file = "simplepyble-0.6.1-cp38-cp38-macosx_11_0_arm64.whl", hash = "sha256:277dcc335011a2a6f2c52d95b950f31073f4a5e066aaa1f60dbccafc1c95f829"},
    {file = "simplepyble-0.6.1-cp38-cp38-manylinux_2_17_aarch64.manylinux2014_aarch64.whl", hash = "sha256:e98f8cbeeb30ef3893bba868eb20f150b09d803106088f08abafc7b89547022d"},
    {file = "simplepyble-0.6.1-cp38-cp38-manylinux_2_17_i686.manylinux2014_i686.whl", hash = "sha256:9f7995bc7b7187c7f098d3fd7bf2e35f0bf9afe78d13cd56e3b2d47864b79347"},
    {file = "simplepyble-0.6.1-cp38-cp38-manylinux_2_17_x86_64.manylinux2014_x86_64.whl", hash = "sha256:834a928ddaf0ced54c57deac207cef3e671587eb5327a961c69ed72352bac67c"},
    {file = "simplepyble-0.6.1-cp38-cp38-win32.whl", hash = "sha256:291ed7bd65d4ea5a92af8f1f2fbfd7dbbe577cbe4de8f865a692847025557923"},
    {file = "simplepyble-0.6.1-cp38-cp38-win_amd64.whl", hash = "sha256:7a9ace6e384ebf7611e25b84804f82317f7573d7650e99ffab385706a4e0fffa"},
    {file = "simplepyble-0.6.1-cp39-cp39-macosx_10_15_universal2.whl", hash = "sha256:de13636db278afed5b51597685a1716b8ba8937e74992c475987d2fa3a858df6"},
    {file = "simplepyble-0.6.1-cp39-cp39-macosx_10_15_x86_64.whl", hash = "sha256:d5fa1339c29fd3a1345fb077c9c8db1de202fbe503e4385959367c44fc4113f9"},
    {file = "simplepyble-0.6.1-cp39-cp39-macosx_11_0_arm64.whl", hash = "sha256:15f020f1592d6565c346efafab123a4feae6cc8be2618d81e0f02322410f9b34"},
    {file = "simplepyble-0.6.1-cp39-cp39-manylinux_2_17_aarch64.manylinux2014_aarch64.whl", hash = "sha256:62625ed4f82ba58a680cf02673ca4107ccd248e65b5d19cb10f2b1466d528253"},
    {file = "simplepyble-0.6.1-cp39-cp39-manylinux_2_17_i686.manylinux2014_i686.whl", hash = "sha256:9d1ad577be1a2f5cc876e4f171ea3d00856544809e7e8bb47e1eaa4904e90c13"},
    {file = "simplepyble-0.6.1-cp39-cp39-manylinux_2_17_x86_64.manylinux2014_x86_64.whl", hash = "sha256:c0785f1f70a8cc33de8ceab2d1f9f471e70f4e05e4b38c8df11c13bef7a106ca"},
    {file = "simplepyble-0.6.1-cp39-cp39-win32.whl", hash = "sha256:ef2051b70740e9f2a633d2fb48fb012c25cda122f4ab16eb480557f2271a65bb"},
    {file = "simplepyble-0.6.1-cp39-cp39-win_amd64.whl", hash = "sha256:2f2e01b2c9e4973a0d1b9c304f673368dc004aa4ce9aa8e6630fea5688a75421"},
    {file = "simplepyble-0.6.1.tar.gz", hash = "sha256:f9c9a5d4f7880466aab4d33835402103d8331385d557581140895baeb3434e36"},
]

[metadata]
lock-version = "2.0"
python-versions = "^3.10"
content-hash = "af4a461e24fd05460dc3b2f9cd796a5d1daea35f8b0554d98cd7f230ad59183f"
